{
  "version": 4,
  "terraform_version": "1.12.1",
  "serial": 9,
  "lineage": "7923000e-48f6-07f7-b859-93796d1abefa",
  "outputs": {},
  "resources": [
    {
      "mode": "managed",
      "type": "proxmox_lxc",
      "name": "basic",
      "provider": "provider[\"registry.terraform.io/telmate/proxmox\"]",
      "instances": [
        {
          "schema_version": 0,
          "attributes": {
            "arch": "amd64",
            "bwlimit": 0,
            "clone": null,
            "clone_storage": null,
            "cmode": "tty",
            "console": true,
            "cores": 0,
            "cpulimit": 0,
            "cpuunits": 1024,
            "current_node": "pve",
            "description": "",
            "features": [],
            "force": false,
            "full": null,
            "hagroup": "",
            "hastate": "",
            "hookscript": "",
            "hostname": "k3s-master",
            "id": "pve/lxc/133",
            "ignore_unpack_errors": false,
            "lock": "",
            "memory": 2048,
            "mountpoint": [],
            "nameserver": "",
            "network": [
              {
                "bridge": "vmbr0",
                "firewall": false,
                "gw": "",
                "gw6": "",
                "hwaddr": "BC:24:11:04:03:D4",
                "id": 0,
                "ip": "dhcp",
                "ip6": "",
                "mtu": 0,
                "name": "eth0",
                "rate": 0,
                "tag": 0,
                "trunks": "",
                "type": "veth"
              }
            ],
            "onboot": false,
            "ostemplate": "fs2:vztmpl/debian-12-standard_12.7-1_amd64.tar.zst",
            "ostype": "debian",
            "password": "fel1x$12",
            "pool": null,
            "protection": false,
            "restore": false,
            "rootfs": [
              {
                "acl": false,
                "quota": false,
                "replicate": false,
                "ro": false,
                "shared": false,
                "size": "8G",
                "storage": "vm_ct",
                "volume": "vm_ct:vm-133-disk-0"
              }
            ],
            "searchdomain": "",
            "ssh_public_keys": "ssh-rsa AAAAB3NzaC1yc2EAAAADAQABAAABgQCzNyl/t3PYQJ99c+WMcSXRdXEPgLq/BKu7++q/khjr5/Gwfk8/zyzt1kAS70nnJMWPUjG4d+lUqbXkLwa2N99NlL21eGabKyfUT86ajYv1cbkkLnWlhwmpH5t7zDZktvfk2z8eDmMklPWzTvAUMjmeSO+E/xCEcfg0ze/Z1duKdIZ9d0wyE3r1ncDe074qvKEcyx2yZVpHChezQSHDe9Hl5d1vBDw+URsfxAONXaT4ZubazEGapTGHwsBRuqNg09sfjoir7tgF2tgRRnKTApS4jsWejwichcy6w7iILomJ/B8HtqACqYxTMnChLZZeaDWmgTHruDy2tTV0Tvy6P63cHj1lS4uRiKQLRTKYLQ2OjC8/yZNh/7/B8YpL6qlymaBhpdMmnybLsoFh5LzQcHexvn3o7VY3cuDjZ3NEs38LIAmYVbTidVfYXGj/lrtZXUv1dwz5BmEa+6vfeYEDDUwma9O2PHy/uk1MuynXZXU7qJL/GqBzrO+4JkPBGLYN+6s= ddbu@GFT-17CL374",
            "start": true,
            "startup": "",
            "swap": 512,
            "tags": "",
            "target_node": "pve",
            "template": false,
            "timeouts": null,
            "tty": 2,
            "unique": false,
            "unprivileged": false,
            "unused": [],
            "vmid": 133
          },
          "sensitive_attributes": [
            [
              {
                "type": "get_attr",
                "value": "password"
              }
            ]
          ],
          "identity_schema_version": 0,
          "private": "eyJlMmJmYjczMC1lY2FhLTExZTYtOGY4OC0zNDM2M2JjN2M0YzAiOnsiY3JlYXRlIjoxMjAwMDAwMDAwMDAwLCJkZWZhdWx0IjoxMjAwMDAwMDAwMDAwLCJkZWxldGUiOjEyMDAwMDAwMDAwMDAsInJlYWQiOjEyMDAwMDAwMDAwMDAsInVwZGF0ZSI6MTIwMDAwMDAwMDAwMH19"
        }
      ]
    }
  ],
  "check_results": null
}
